// !$*UTF8*$!
{
	archiveVersion = 1;
	classes = {
	};
	objectVersion = 55;
	objects = {

/* Begin PBXBuildFile section */
		0E666E0F26F7A9210098BDDA /* watchOS WatchKit App.app in Embed Watch Content */ = {isa = PBXBuildFile; fileRef = 0E666E0E26F7A9210098BDDA /* watchOS WatchKit App.app */; settings = {ATTRIBUTES = (RemoveHeadersOnCopy, ); }; };
		0E666E1426F7A9230098BDDA /* Assets.xcassets in Resources */ = {isa = PBXBuildFile; fileRef = 0E666E1326F7A9230098BDDA /* Assets.xcassets */; };
		0E666E1A26F7A9230098BDDA /* watchOS WatchKit Extension.appex in Embed App Extensions */ = {isa = PBXBuildFile; fileRef = 0E666E1926F7A9230098BDDA /* watchOS WatchKit Extension.appex */; settings = {ATTRIBUTES = (RemoveHeadersOnCopy, ); }; };
		0E666E1F26F7A9230098BDDA /* ContentView.swift in Sources */ = {isa = PBXBuildFile; fileRef = 0E666E1E26F7A9230098BDDA /* ContentView.swift */; };
		0E666E2126F7A9230098BDDA /* Magic8BallApp.swift in Sources */ = {isa = PBXBuildFile; fileRef = 0E666E2026F7A9230098BDDA /* Magic8BallApp.swift */; };
		0E666E2326F7A9230098BDDA /* ComplicationController.swift in Sources */ = {isa = PBXBuildFile; fileRef = 0E666E2226F7A9230098BDDA /* ComplicationController.swift */; };
		0E666E2526F7A9240098BDDA /* Assets.xcassets in Resources */ = {isa = PBXBuildFile; fileRef = 0E666E2426F7A9240098BDDA /* Assets.xcassets */; };
		0E666E2826F7A9240098BDDA /* Preview Assets.xcassets in Resources */ = {isa = PBXBuildFile; fileRef = 0E666E2726F7A9240098BDDA /* Preview Assets.xcassets */; };
		0E666E3626F7A9E10098BDDA /* Session.swift in Sources */ = {isa = PBXBuildFile; fileRef = 0EB316E226F3CA72001A2902 /* Session.swift */; };
		0E666E3726F7A9E10098BDDA /* Magic8Ball.swift in Sources */ = {isa = PBXBuildFile; fileRef = 0EB316E426F3CA80001A2902 /* Magic8Ball.swift */; };
		0E666E3826F7A9E10098BDDA /* AdviceViewModel.swift in Sources */ = {isa = PBXBuildFile; fileRef = 0EB316E926F3D29D001A2902 /* AdviceViewModel.swift */; };
		0E666E3C26F7AD420098BDDA /* HistoryView.swift in Sources */ = {isa = PBXBuildFile; fileRef = 0E666E3B26F7AD420098BDDA /* HistoryView.swift */; };
		0E99BB1026F381F40026CEB7 /* main.swift in Sources */ = {isa = PBXBuildFile; fileRef = 0E99BB0F26F381F40026CEB7 /* main.swift */; };
		0EB316E326F3CA72001A2902 /* Session.swift in Sources */ = {isa = PBXBuildFile; fileRef = 0EB316E226F3CA72001A2902 /* Session.swift */; };
		0EB316E526F3CA80001A2902 /* Magic8Ball.swift in Sources */ = {isa = PBXBuildFile; fileRef = 0EB316E426F3CA80001A2902 /* Magic8Ball.swift */; };
		0EB316EA26F3D29D001A2902 /* AdviceViewModel.swift in Sources */ = {isa = PBXBuildFile; fileRef = 0EB316E926F3D29D001A2902 /* AdviceViewModel.swift */; };
		0EB3172B26F3D8F5001A2902 /* iOSApp.swift in Sources */ = {isa = PBXBuildFile; fileRef = 0EB3172A26F3D8F5001A2902 /* iOSApp.swift */; };
		0EB3172D26F3D8F5001A2902 /* ContentView.swift in Sources */ = {isa = PBXBuildFile; fileRef = 0EB3172C26F3D8F5001A2902 /* ContentView.swift */; };
		0EB3172F26F3D8F7001A2902 /* Assets.xcassets in Resources */ = {isa = PBXBuildFile; fileRef = 0EB3172E26F3D8F7001A2902 /* Assets.xcassets */; };
		0EB3173226F3D8F7001A2902 /* Preview Assets.xcassets in Resources */ = {isa = PBXBuildFile; fileRef = 0EB3173126F3D8F7001A2902 /* Preview Assets.xcassets */; };
		0EB3173726F3EFEF001A2902 /* Session.swift in Sources */ = {isa = PBXBuildFile; fileRef = 0EB316E226F3CA72001A2902 /* Session.swift */; };
		0EB3173826F3EFEF001A2902 /* Magic8Ball.swift in Sources */ = {isa = PBXBuildFile; fileRef = 0EB316E426F3CA80001A2902 /* Magic8Ball.swift */; };
		0EB3173926F3EFEF001A2902 /* AdviceViewModel.swift in Sources */ = {isa = PBXBuildFile; fileRef = 0EB316E926F3D29D001A2902 /* AdviceViewModel.swift */; };
/* End PBXBuildFile section */

/* Begin PBXContainerItemProxy section */
		0E666E1026F7A9210098BDDA /* PBXContainerItemProxy */ = {
			isa = PBXContainerItemProxy;
			containerPortal = 0E99BB0426F381F40026CEB7 /* Project object */;
			proxyType = 1;
			remoteGlobalIDString = 0E666E0D26F7A9210098BDDA;
			remoteInfo = "watchOS WatchKit App";
		};
		0E666E1B26F7A9230098BDDA /* PBXContainerItemProxy */ = {
			isa = PBXContainerItemProxy;
			containerPortal = 0E99BB0426F381F40026CEB7 /* Project object */;
			proxyType = 1;
			remoteGlobalIDString = 0E666E1826F7A9230098BDDA;
			remoteInfo = "watchOS WatchKit Extension";
		};
/* End PBXContainerItemProxy section */

/* Begin PBXCopyFilesBuildPhase section */
		0E666E2C26F7A9240098BDDA /* Embed Watch Content */ = {
			isa = PBXCopyFilesBuildPhase;
			buildActionMask = 2147483647;
			dstPath = "$(CONTENTS_FOLDER_PATH)/Watch";
			dstSubfolderSpec = 16;
			files = (
				0E666E0F26F7A9210098BDDA /* watchOS WatchKit App.app in Embed Watch Content */,
			);
			name = "Embed Watch Content";
			runOnlyForDeploymentPostprocessing = 0;
		};
		0E666E2F26F7A9240098BDDA /* Embed App Extensions */ = {
			isa = PBXCopyFilesBuildPhase;
			buildActionMask = 2147483647;
			dstPath = "";
			dstSubfolderSpec = 13;
			files = (
				0E666E1A26F7A9230098BDDA /* watchOS WatchKit Extension.appex in Embed App Extensions */,
			);
			name = "Embed App Extensions";
			runOnlyForDeploymentPostprocessing = 0;
		};
		0E99BB0A26F381F40026CEB7 /* CopyFiles */ = {
			isa = PBXCopyFilesBuildPhase;
			buildActionMask = 2147483647;
			dstPath = /usr/share/man/man1/;
			dstSubfolderSpec = 0;
			files = (
			);
			runOnlyForDeploymentPostprocessing = 1;
		};
/* End PBXCopyFilesBuildPhase section */

/* Begin PBXFileReference section */
		0E666E0B26F7A9210098BDDA /* watchOS.app */ = {isa = PBXFileReference; explicitFileType = wrapper.application; includeInIndex = 0; path = watchOS.app; sourceTree = BUILT_PRODUCTS_DIR; };
		0E666E0E26F7A9210098BDDA /* watchOS WatchKit App.app */ = {isa = PBXFileReference; explicitFileType = wrapper.application; includeInIndex = 0; path = "watchOS WatchKit App.app"; sourceTree = BUILT_PRODUCTS_DIR; };
		0E666E1326F7A9230098BDDA /* Assets.xcassets */ = {isa = PBXFileReference; lastKnownFileType = folder.assetcatalog; path = Assets.xcassets; sourceTree = "<group>"; };
		0E666E1926F7A9230098BDDA /* watchOS WatchKit Extension.appex */ = {isa = PBXFileReference; explicitFileType = "wrapper.app-extension"; includeInIndex = 0; path = "watchOS WatchKit Extension.appex"; sourceTree = BUILT_PRODUCTS_DIR; };
		0E666E1E26F7A9230098BDDA /* ContentView.swift */ = {isa = PBXFileReference; lastKnownFileType = sourcecode.swift; path = ContentView.swift; sourceTree = "<group>"; };
		0E666E2026F7A9230098BDDA /* Magic8BallApp.swift */ = {isa = PBXFileReference; lastKnownFileType = sourcecode.swift; path = Magic8BallApp.swift; sourceTree = "<group>"; };
		0E666E2226F7A9230098BDDA /* ComplicationController.swift */ = {isa = PBXFileReference; lastKnownFileType = sourcecode.swift; path = ComplicationController.swift; sourceTree = "<group>"; };
		0E666E2426F7A9240098BDDA /* Assets.xcassets */ = {isa = PBXFileReference; lastKnownFileType = folder.assetcatalog; path = Assets.xcassets; sourceTree = "<group>"; };
		0E666E2726F7A9240098BDDA /* Preview Assets.xcassets */ = {isa = PBXFileReference; lastKnownFileType = folder.assetcatalog; path = "Preview Assets.xcassets"; sourceTree = "<group>"; };
		0E666E2926F7A9240098BDDA /* Info.plist */ = {isa = PBXFileReference; lastKnownFileType = text.plist.xml; path = Info.plist; sourceTree = "<group>"; };
		0E666E3B26F7AD420098BDDA /* HistoryView.swift */ = {isa = PBXFileReference; lastKnownFileType = sourcecode.swift; path = HistoryView.swift; sourceTree = "<group>"; };
		0E99BB0C26F381F40026CEB7 /* macOS */ = {isa = PBXFileReference; explicitFileType = "compiled.mach-o.executable"; includeInIndex = 0; path = macOS; sourceTree = BUILT_PRODUCTS_DIR; };
		0E99BB0F26F381F40026CEB7 /* main.swift */ = {isa = PBXFileReference; lastKnownFileType = sourcecode.swift; path = main.swift; sourceTree = "<group>"; };
		0EB316E226F3CA72001A2902 /* Session.swift */ = {isa = PBXFileReference; lastKnownFileType = sourcecode.swift; path = Session.swift; sourceTree = "<group>"; };
		0EB316E426F3CA80001A2902 /* Magic8Ball.swift */ = {isa = PBXFileReference; lastKnownFileType = sourcecode.swift; path = Magic8Ball.swift; sourceTree = "<group>"; };
		0EB316E926F3D29D001A2902 /* AdviceViewModel.swift */ = {isa = PBXFileReference; lastKnownFileType = sourcecode.swift; path = AdviceViewModel.swift; sourceTree = "<group>"; };
		0EB3172826F3D8F5001A2902 /* iOS.app */ = {isa = PBXFileReference; explicitFileType = wrapper.application; includeInIndex = 0; path = iOS.app; sourceTree = BUILT_PRODUCTS_DIR; };
		0EB3172A26F3D8F5001A2902 /* iOSApp.swift */ = {isa = PBXFileReference; lastKnownFileType = sourcecode.swift; path = iOSApp.swift; sourceTree = "<group>"; };
		0EB3172C26F3D8F5001A2902 /* ContentView.swift */ = {isa = PBXFileReference; lastKnownFileType = sourcecode.swift; path = ContentView.swift; sourceTree = "<group>"; };
		0EB3172E26F3D8F7001A2902 /* Assets.xcassets */ = {isa = PBXFileReference; lastKnownFileType = folder.assetcatalog; path = Assets.xcassets; sourceTree = "<group>"; };
		0EB3173126F3D8F7001A2902 /* Preview Assets.xcassets */ = {isa = PBXFileReference; lastKnownFileType = folder.assetcatalog; path = "Preview Assets.xcassets"; sourceTree = "<group>"; };
/* End PBXFileReference section */

/* Begin PBXFrameworksBuildPhase section */
		0E666E1626F7A9230098BDDA /* Frameworks */ = {
			isa = PBXFrameworksBuildPhase;
			buildActionMask = 2147483647;
			files = (
			);
			runOnlyForDeploymentPostprocessing = 0;
		};
		0E99BB0926F381F40026CEB7 /* Frameworks */ = {
			isa = PBXFrameworksBuildPhase;
			buildActionMask = 2147483647;
			files = (
			);
			runOnlyForDeploymentPostprocessing = 0;
		};
		0EB3172526F3D8F5001A2902 /* Frameworks */ = {
			isa = PBXFrameworksBuildPhase;
			buildActionMask = 2147483647;
			files = (
			);
			runOnlyForDeploymentPostprocessing = 0;
		};
/* End PBXFrameworksBuildPhase section */

/* Begin PBXGroup section */
		0E666E1226F7A9210098BDDA /* watchOS WatchKit App */ = {
			isa = PBXGroup;
			children = (
				0E666E1326F7A9230098BDDA /* Assets.xcassets */,
			);
			path = "watchOS WatchKit App";
			sourceTree = "<group>";
		};
		0E666E1D26F7A9230098BDDA /* watchOS WatchKit Extension */ = {
			isa = PBXGroup;
			children = (
				0E666E2026F7A9230098BDDA /* Magic8BallApp.swift */,
				0E666E3526F7A9740098BDDA /* Views */,
				0E666E2226F7A9230098BDDA /* ComplicationController.swift */,
				0E666E2426F7A9240098BDDA /* Assets.xcassets */,
				0E666E2926F7A9240098BDDA /* Info.plist */,
				0E666E2626F7A9240098BDDA /* Preview Content */,
			);
			path = "watchOS WatchKit Extension";
			sourceTree = "<group>";
		};
		0E666E2626F7A9240098BDDA /* Preview Content */ = {
			isa = PBXGroup;
			children = (
				0E666E2726F7A9240098BDDA /* Preview Assets.xcassets */,
			);
			path = "Preview Content";
			sourceTree = "<group>";
		};
		0E666E3526F7A9740098BDDA /* Views */ = {
			isa = PBXGroup;
			children = (
				0E666E1E26F7A9230098BDDA /* ContentView.swift */,
				0E666E3B26F7AD420098BDDA /* HistoryView.swift */,
			);
			path = Views;
			sourceTree = "<group>";
		};
		0E99BB0326F381F40026CEB7 = {
			isa = PBXGroup;
			children = (
				0EB3172926F3D8F5001A2902 /* iOS */,
				0EB3172326F3D7AA001A2902 /* macOS */,
				0E99BB0E26F381F40026CEB7 /* Shared */,
				0E666E1226F7A9210098BDDA /* watchOS WatchKit App */,
				0E666E1D26F7A9230098BDDA /* watchOS WatchKit Extension */,
				0E99BB0D26F381F40026CEB7 /* Products */,
			);
			sourceTree = "<group>";
		};
		0E99BB0D26F381F40026CEB7 /* Products */ = {
			isa = PBXGroup;
			children = (
				0E99BB0C26F381F40026CEB7 /* macOS */,
				0EB3172826F3D8F5001A2902 /* iOS.app */,
				0E666E0B26F7A9210098BDDA /* watchOS.app */,
				0E666E0E26F7A9210098BDDA /* watchOS WatchKit App.app */,
				0E666E1926F7A9230098BDDA /* watchOS WatchKit Extension.appex */,
			);
			name = Products;
			sourceTree = "<group>";
		};
		0E99BB0E26F381F40026CEB7 /* Shared */ = {
			isa = PBXGroup;
			children = (
				0EB316E126F3CA67001A2902 /* Model */,
				0EB316E626F3D233001A2902 /* ViewModel */,
			);
			path = Shared;
			sourceTree = "<group>";
		};
		0EB316E126F3CA67001A2902 /* Model */ = {
			isa = PBXGroup;
			children = (
				0EB316E226F3CA72001A2902 /* Session.swift */,
				0EB316E426F3CA80001A2902 /* Magic8Ball.swift */,
			);
			path = Model;
			sourceTree = "<group>";
		};
		0EB316E626F3D233001A2902 /* ViewModel */ = {
			isa = PBXGroup;
			children = (
				0EB316E926F3D29D001A2902 /* AdviceViewModel.swift */,
			);
			path = ViewModel;
			sourceTree = "<group>";
		};
		0EB316EB26F3D581001A2902 /* Views */ = {
			isa = PBXGroup;
			children = (
				0E99BB0F26F381F40026CEB7 /* main.swift */,
			);
			path = Views;
			sourceTree = "<group>";
		};
		0EB3172326F3D7AA001A2902 /* macOS */ = {
			isa = PBXGroup;
			children = (
				0EB316EB26F3D581001A2902 /* Views */,
			);
			path = macOS;
			sourceTree = "<group>";
		};
		0EB3172926F3D8F5001A2902 /* iOS */ = {
			isa = PBXGroup;
			children = (
				0EB3172A26F3D8F5001A2902 /* iOSApp.swift */,
				0EB3173626F3EB4D001A2902 /* Views */,
				0EB3172E26F3D8F7001A2902 /* Assets.xcassets */,
				0EB3173026F3D8F7001A2902 /* Preview Content */,
			);
			path = iOS;
			sourceTree = "<group>";
		};
		0EB3173026F3D8F7001A2902 /* Preview Content */ = {
			isa = PBXGroup;
			children = (
				0EB3173126F3D8F7001A2902 /* Preview Assets.xcassets */,
			);
			path = "Preview Content";
			sourceTree = "<group>";
		};
		0EB3173626F3EB4D001A2902 /* Views */ = {
			isa = PBXGroup;
			children = (
				0EB3172C26F3D8F5001A2902 /* ContentView.swift */,
			);
			path = Views;
			sourceTree = "<group>";
		};
/* End PBXGroup section */

/* Begin PBXNativeTarget section */
		0E666E0A26F7A9210098BDDA /* watchOS */ = {
			isa = PBXNativeTarget;
			buildConfigurationList = 0E666E3426F7A9240098BDDA /* Build configuration list for PBXNativeTarget "watchOS" */;
			buildPhases = (
				0E666E0926F7A9210098BDDA /* Resources */,
				0E666E2C26F7A9240098BDDA /* Embed Watch Content */,
			);
			buildRules = (
			);
			dependencies = (
				0E666E1126F7A9210098BDDA /* PBXTargetDependency */,
			);
			name = watchOS;
			productName = watchOS;
			productReference = 0E666E0B26F7A9210098BDDA /* watchOS.app */;
			productType = "com.apple.product-type.application.watchapp2-container";
		};
		0E666E0D26F7A9210098BDDA /* watchOS WatchKit App */ = {
			isa = PBXNativeTarget;
			buildConfigurationList = 0E666E3326F7A9240098BDDA /* Build configuration list for PBXNativeTarget "watchOS WatchKit App" */;
			buildPhases = (
				0E666E0C26F7A9210098BDDA /* Resources */,
				0E666E2F26F7A9240098BDDA /* Embed App Extensions */,
			);
			buildRules = (
			);
			dependencies = (
				0E666E1C26F7A9230098BDDA /* PBXTargetDependency */,
			);
			name = "watchOS WatchKit App";
			productName = "watchOS WatchKit App";
			productReference = 0E666E0E26F7A9210098BDDA /* watchOS WatchKit App.app */;
			productType = "com.apple.product-type.application.watchapp2";
		};
		0E666E1826F7A9230098BDDA /* watchOS WatchKit Extension */ = {
			isa = PBXNativeTarget;
			buildConfigurationList = 0E666E3226F7A9240098BDDA /* Build configuration list for PBXNativeTarget "watchOS WatchKit Extension" */;
			buildPhases = (
				0E666E1526F7A9230098BDDA /* Sources */,
				0E666E1626F7A9230098BDDA /* Frameworks */,
				0E666E1726F7A9230098BDDA /* Resources */,
			);
			buildRules = (
			);
			dependencies = (
			);
			name = "watchOS WatchKit Extension";
			productName = "watchOS WatchKit Extension";
			productReference = 0E666E1926F7A9230098BDDA /* watchOS WatchKit Extension.appex */;
			productType = "com.apple.product-type.watchkit2-extension";
		};
		0E99BB0B26F381F40026CEB7 /* macOS */ = {
			isa = PBXNativeTarget;
			buildConfigurationList = 0E99BB1326F381F40026CEB7 /* Build configuration list for PBXNativeTarget "macOS" */;
			buildPhases = (
				0E99BB0826F381F40026CEB7 /* Sources */,
				0E99BB0926F381F40026CEB7 /* Frameworks */,
				0E99BB0A26F381F40026CEB7 /* CopyFiles */,
			);
			buildRules = (
			);
			dependencies = (
			);
			name = macOS;
			productName = Magic8Ball;
			productReference = 0E99BB0C26F381F40026CEB7 /* macOS */;
			productType = "com.apple.product-type.tool";
		};
		0EB3172726F3D8F5001A2902 /* iOS */ = {
			isa = PBXNativeTarget;
			buildConfigurationList = 0EB3173526F3D8F7001A2902 /* Build configuration list for PBXNativeTarget "iOS" */;
			buildPhases = (
				0EB3172426F3D8F5001A2902 /* Sources */,
				0EB3172526F3D8F5001A2902 /* Frameworks */,
				0EB3172626F3D8F5001A2902 /* Resources */,
			);
			buildRules = (
			);
			dependencies = (
			);
			name = iOS;
			productName = iOS;
			productReference = 0EB3172826F3D8F5001A2902 /* iOS.app */;
			productType = "com.apple.product-type.application";
		};
/* End PBXNativeTarget section */

/* Begin PBXProject section */
		0E99BB0426F381F40026CEB7 /* Project object */ = {
			isa = PBXProject;
			attributes = {
				BuildIndependentTargetsInParallel = 1;
				LastSwiftUpdateCheck = 1300;
				LastUpgradeCheck = 1300;
				TargetAttributes = {
					0E666E0A26F7A9210098BDDA = {
						CreatedOnToolsVersion = 13.0;
					};
					0E666E0D26F7A9210098BDDA = {
						CreatedOnToolsVersion = 13.0;
					};
					0E666E1826F7A9230098BDDA = {
						CreatedOnToolsVersion = 13.0;
					};
					0E99BB0B26F381F40026CEB7 = {
						CreatedOnToolsVersion = 13.0;
					};
					0EB3172726F3D8F5001A2902 = {
						CreatedOnToolsVersion = 13.0;
					};
				};
			};
			buildConfigurationList = 0E99BB0726F381F40026CEB7 /* Build configuration list for PBXProject "Magic8Ball" */;
			compatibilityVersion = "Xcode 13.0";
			developmentRegion = en;
			hasScannedForEncodings = 0;
			knownRegions = (
				en,
				Base,
			);
			mainGroup = 0E99BB0326F381F40026CEB7;
			productRefGroup = 0E99BB0D26F381F40026CEB7 /* Products */;
			projectDirPath = "";
			projectRoot = "";
			targets = (
				0E99BB0B26F381F40026CEB7 /* macOS */,
				0EB3172726F3D8F5001A2902 /* iOS */,
				0E666E0A26F7A9210098BDDA /* watchOS */,
				0E666E0D26F7A9210098BDDA /* watchOS WatchKit App */,
				0E666E1826F7A9230098BDDA /* watchOS WatchKit Extension */,
			);
		};
/* End PBXProject section */

/* Begin PBXResourcesBuildPhase section */
		0E666E0926F7A9210098BDDA /* Resources */ = {
			isa = PBXResourcesBuildPhase;
			buildActionMask = 2147483647;
			files = (
			);
			runOnlyForDeploymentPostprocessing = 0;
		};
		0E666E0C26F7A9210098BDDA /* Resources */ = {
			isa = PBXResourcesBuildPhase;
			buildActionMask = 2147483647;
			files = (
				0E666E1426F7A9230098BDDA /* Assets.xcassets in Resources */,
			);
			runOnlyForDeploymentPostprocessing = 0;
		};
		0E666E1726F7A9230098BDDA /* Resources */ = {
			isa = PBXResourcesBuildPhase;
			buildActionMask = 2147483647;
			files = (
				0E666E2826F7A9240098BDDA /* Preview Assets.xcassets in Resources */,
				0E666E2526F7A9240098BDDA /* Assets.xcassets in Resources */,
			);
			runOnlyForDeploymentPostprocessing = 0;
		};
		0EB3172626F3D8F5001A2902 /* Resources */ = {
			isa = PBXResourcesBuildPhase;
			buildActionMask = 2147483647;
			files = (
				0EB3173226F3D8F7001A2902 /* Preview Assets.xcassets in Resources */,
				0EB3172F26F3D8F7001A2902 /* Assets.xcassets in Resources */,
			);
			runOnlyForDeploymentPostprocessing = 0;
		};
/* End PBXResourcesBuildPhase section */

/* Begin PBXSourcesBuildPhase section */
		0E666E1526F7A9230098BDDA /* Sources */ = {
			isa = PBXSourcesBuildPhase;
			buildActionMask = 2147483647;
			files = (
				0E666E3C26F7AD420098BDDA /* HistoryView.swift in Sources */,
				0E666E3626F7A9E10098BDDA /* Session.swift in Sources */,
				0E666E3726F7A9E10098BDDA /* Magic8Ball.swift in Sources */,
				0E666E3826F7A9E10098BDDA /* AdviceViewModel.swift in Sources */,
				0E666E1F26F7A9230098BDDA /* ContentView.swift in Sources */,
				0E666E2126F7A9230098BDDA /* Magic8BallApp.swift in Sources */,
				0E666E2326F7A9230098BDDA /* ComplicationController.swift in Sources */,
			);
			runOnlyForDeploymentPostprocessing = 0;
		};
		0E99BB0826F381F40026CEB7 /* Sources */ = {
			isa = PBXSourcesBuildPhase;
			buildActionMask = 2147483647;
			files = (
				0EB316EA26F3D29D001A2902 /* AdviceViewModel.swift in Sources */,
				0EB316E326F3CA72001A2902 /* Session.swift in Sources */,
				0E99BB1026F381F40026CEB7 /* main.swift in Sources */,
				0EB316E526F3CA80001A2902 /* Magic8Ball.swift in Sources */,
			);
			runOnlyForDeploymentPostprocessing = 0;
		};
		0EB3172426F3D8F5001A2902 /* Sources */ = {
			isa = PBXSourcesBuildPhase;
			buildActionMask = 2147483647;
			files = (
				0EB3173726F3EFEF001A2902 /* Session.swift in Sources */,
				0EB3173826F3EFEF001A2902 /* Magic8Ball.swift in Sources */,
				0EB3173926F3EFEF001A2902 /* AdviceViewModel.swift in Sources */,
				0EB3172D26F3D8F5001A2902 /* ContentView.swift in Sources */,
				0EB3172B26F3D8F5001A2902 /* iOSApp.swift in Sources */,
			);
			runOnlyForDeploymentPostprocessing = 0;
		};
/* End PBXSourcesBuildPhase section */

/* Begin PBXTargetDependency section */
		0E666E1126F7A9210098BDDA /* PBXTargetDependency */ = {
			isa = PBXTargetDependency;
			target = 0E666E0D26F7A9210098BDDA /* watchOS WatchKit App */;
			targetProxy = 0E666E1026F7A9210098BDDA /* PBXContainerItemProxy */;
		};
		0E666E1C26F7A9230098BDDA /* PBXTargetDependency */ = {
			isa = PBXTargetDependency;
			target = 0E666E1826F7A9230098BDDA /* watchOS WatchKit Extension */;
			targetProxy = 0E666E1B26F7A9230098BDDA /* PBXContainerItemProxy */;
		};
/* End PBXTargetDependency section */

/* Begin XCBuildConfiguration section */
		0E666E2A26F7A9240098BDDA /* Debug */ = {
			isa = XCBuildConfiguration;
			buildSettings = {
				CODE_SIGN_STYLE = Automatic;
				CURRENT_PROJECT_VERSION = 1;
				DEVELOPMENT_TEAM = C7DL9Y9A7R;
				MARKETING_VERSION = 1.0;
				PRODUCT_BUNDLE_IDENTIFIER = ca.russellgordon.watchOS;
				PRODUCT_NAME = "$(TARGET_NAME)";
				SDKROOT = iphoneos;
				SWIFT_VERSION = 5.0;
			};
			name = Debug;
		};
		0E666E2B26F7A9240098BDDA /* Release */ = {
			isa = XCBuildConfiguration;
			buildSettings = {
				CODE_SIGN_STYLE = Automatic;
				CURRENT_PROJECT_VERSION = 1;
				DEVELOPMENT_TEAM = C7DL9Y9A7R;
				MARKETING_VERSION = 1.0;
				PRODUCT_BUNDLE_IDENTIFIER = ca.russellgordon.watchOS;
				PRODUCT_NAME = "$(TARGET_NAME)";
				SDKROOT = iphoneos;
				SWIFT_VERSION = 5.0;
				VALIDATE_PRODUCT = YES;
			};
			name = Release;
		};
		0E666E2D26F7A9240098BDDA /* Debug */ = {
			isa = XCBuildConfiguration;
			buildSettings = {
				ALWAYS_EMBED_SWIFT_STANDARD_LIBRARIES = YES;
				ASSETCATALOG_COMPILER_APPICON_NAME = AppIcon;
				ASSETCATALOG_COMPILER_GLOBAL_ACCENT_COLOR_NAME = AccentColor;
				CODE_SIGN_STYLE = Automatic;
				CURRENT_PROJECT_VERSION = 1;
				DEVELOPMENT_TEAM = C7DL9Y9A7R;
				GENERATE_INFOPLIST_FILE = YES;
				IBSC_MODULE = watchOS_WatchKit_Extension;
				INFOPLIST_KEY_CFBundleDisplayName = "watchOS WatchKit App";
				INFOPLIST_KEY_UISupportedInterfaceOrientations = "UIInterfaceOrientationPortrait UIInterfaceOrientationPortraitUpsideDown";
				MARKETING_VERSION = 1.0;
				PRODUCT_BUNDLE_IDENTIFIER = ca.russellgordon.watchOS.watchkitapp;
				PRODUCT_NAME = "$(TARGET_NAME)";
				SDKROOT = watchos;
				SKIP_INSTALL = YES;
				SWIFT_EMIT_LOC_STRINGS = YES;
				SWIFT_VERSION = 5.0;
				TARGETED_DEVICE_FAMILY = 4;
				WATCHOS_DEPLOYMENT_TARGET = 8.0;
			};
			name = Debug;
		};
		0E666E2E26F7A9240098BDDA /* Release */ = {
			isa = XCBuildConfiguration;
			buildSettings = {
				ALWAYS_EMBED_SWIFT_STANDARD_LIBRARIES = YES;
				ASSETCATALOG_COMPILER_APPICON_NAME = AppIcon;
				ASSETCATALOG_COMPILER_GLOBAL_ACCENT_COLOR_NAME = AccentColor;
				CODE_SIGN_STYLE = Automatic;
				CURRENT_PROJECT_VERSION = 1;
				DEVELOPMENT_TEAM = C7DL9Y9A7R;
				GENERATE_INFOPLIST_FILE = YES;
				IBSC_MODULE = watchOS_WatchKit_Extension;
				INFOPLIST_KEY_CFBundleDisplayName = "watchOS WatchKit App";
				INFOPLIST_KEY_UISupportedInterfaceOrientations = "UIInterfaceOrientationPortrait UIInterfaceOrientationPortraitUpsideDown";
				MARKETING_VERSION = 1.0;
				PRODUCT_BUNDLE_IDENTIFIER = ca.russellgordon.watchOS.watchkitapp;
				PRODUCT_NAME = "$(TARGET_NAME)";
				SDKROOT = watchos;
				SKIP_INSTALL = YES;
				SWIFT_EMIT_LOC_STRINGS = YES;
				SWIFT_VERSION = 5.0;
				TARGETED_DEVICE_FAMILY = 4;
				VALIDATE_PRODUCT = YES;
				WATCHOS_DEPLOYMENT_TARGET = 8.0;
			};
			name = Release;
		};
		0E666E3026F7A9240098BDDA /* Debug */ = {
			isa = XCBuildConfiguration;
			buildSettings = {
				ASSETCATALOG_COMPILER_COMPLICATION_NAME = Complication;
				CODE_SIGN_STYLE = Automatic;
				CURRENT_PROJECT_VERSION = 1;
				DEVELOPMENT_ASSET_PATHS = "\"watchOS WatchKit Extension/Preview Content\"";
				DEVELOPMENT_TEAM = C7DL9Y9A7R;
				ENABLE_PREVIEWS = YES;
				GENERATE_INFOPLIST_FILE = YES;
				INFOPLIST_FILE = "watchOS WatchKit Extension/Info.plist";
				INFOPLIST_KEY_CFBundleDisplayName = "watchOS WatchKit Extension";
				INFOPLIST_KEY_CLKComplicationPrincipalClass = "$(PRODUCT_MODULE_NAME).ComplicationController";
				INFOPLIST_KEY_NSHumanReadableCopyright = "";
				INFOPLIST_KEY_WKWatchOnly = YES;
				LD_RUNPATH_SEARCH_PATHS = (
					"$(inherited)",
					"@executable_path/Frameworks",
					"@executable_path/../../Frameworks",
				);
				MARKETING_VERSION = 1.0;
				PRODUCT_BUNDLE_IDENTIFIER = ca.russellgordon.watchOS.watchkitapp.watchkitextension;
				PRODUCT_NAME = "${TARGET_NAME}";
				SDKROOT = watchos;
				SKIP_INSTALL = YES;
				SWIFT_EMIT_LOC_STRINGS = YES;
				SWIFT_VERSION = 5.0;
				TARGETED_DEVICE_FAMILY = 4;
				WATCHOS_DEPLOYMENT_TARGET = 8.0;
			};
			name = Debug;
		};
		0E666E3126F7A9240098BDDA /* Release */ = {
			isa = XCBuildConfiguration;
			buildSettings = {
				ASSETCATALOG_COMPILER_COMPLICATION_NAME = Complication;
				CODE_SIGN_STYLE = Automatic;
				CURRENT_PROJECT_VERSION = 1;
				DEVELOPMENT_ASSET_PATHS = "\"watchOS WatchKit Extension/Preview Content\"";
				DEVELOPMENT_TEAM = C7DL9Y9A7R;
				ENABLE_PREVIEWS = YES;
				GENERATE_INFOPLIST_FILE = YES;
				INFOPLIST_FILE = "watchOS WatchKit Extension/Info.plist";
				INFOPLIST_KEY_CFBundleDisplayName = "watchOS WatchKit Extension";
				INFOPLIST_KEY_CLKComplicationPrincipalClass = "$(PRODUCT_MODULE_NAME).ComplicationController";
				INFOPLIST_KEY_NSHumanReadableCopyright = "";
				INFOPLIST_KEY_WKWatchOnly = YES;
				LD_RUNPATH_SEARCH_PATHS = (
					"$(inherited)",
					"@executable_path/Frameworks",
					"@executable_path/../../Frameworks",
				);
				MARKETING_VERSION = 1.0;
				PRODUCT_BUNDLE_IDENTIFIER = ca.russellgordon.watchOS.watchkitapp.watchkitextension;
				PRODUCT_NAME = "${TARGET_NAME}";
				SDKROOT = watchos;
				SKIP_INSTALL = YES;
				SWIFT_EMIT_LOC_STRINGS = YES;
				SWIFT_VERSION = 5.0;
				TARGETED_DEVICE_FAMILY = 4;
				VALIDATE_PRODUCT = YES;
				WATCHOS_DEPLOYMENT_TARGET = 8.0;
			};
			name = Release;
		};
		0E99BB1126F381F40026CEB7 /* Debug */ = {
			isa = XCBuildConfiguration;
			buildSettings = {
				ALWAYS_SEARCH_USER_PATHS = NO;
				CLANG_ANALYZER_NONNULL = YES;
				CLANG_ANALYZER_NUMBER_OBJECT_CONVERSION = YES_AGGRESSIVE;
				CLANG_CXX_LANGUAGE_STANDARD = "gnu++17";
				CLANG_CXX_LIBRARY = "libc++";
				CLANG_ENABLE_MODULES = YES;
				CLANG_ENABLE_OBJC_ARC = YES;
				CLANG_ENABLE_OBJC_WEAK = YES;
				CLANG_WARN_BLOCK_CAPTURE_AUTORELEASING = YES;
				CLANG_WARN_BOOL_CONVERSION = YES;
				CLANG_WARN_COMMA = YES;
				CLANG_WARN_CONSTANT_CONVERSION = YES;
				CLANG_WARN_DEPRECATED_OBJC_IMPLEMENTATIONS = YES;
				CLANG_WARN_DIRECT_OBJC_ISA_USAGE = YES_ERROR;
				CLANG_WARN_DOCUMENTATION_COMMENTS = YES;
				CLANG_WARN_EMPTY_BODY = YES;
				CLANG_WARN_ENUM_CONVERSION = YES;
				CLANG_WARN_INFINITE_RECURSION = YES;
				CLANG_WARN_INT_CONVERSION = YES;
				CLANG_WARN_NON_LITERAL_NULL_CONVERSION = YES;
				CLANG_WARN_OBJC_IMPLICIT_RETAIN_SELF = YES;
				CLANG_WARN_OBJC_LITERAL_CONVERSION = YES;
				CLANG_WARN_OBJC_ROOT_CLASS = YES_ERROR;
				CLANG_WARN_QUOTED_INCLUDE_IN_FRAMEWORK_HEADER = YES;
				CLANG_WARN_RANGE_LOOP_ANALYSIS = YES;
				CLANG_WARN_STRICT_PROTOTYPES = YES;
				CLANG_WARN_SUSPICIOUS_MOVE = YES;
				CLANG_WARN_UNGUARDED_AVAILABILITY = YES_AGGRESSIVE;
				CLANG_WARN_UNREACHABLE_CODE = YES;
				CLANG_WARN__DUPLICATE_METHOD_MATCH = YES;
				COPY_PHASE_STRIP = NO;
				DEBUG_INFORMATION_FORMAT = dwarf;
				ENABLE_STRICT_OBJC_MSGSEND = YES;
				ENABLE_TESTABILITY = YES;
				GCC_C_LANGUAGE_STANDARD = gnu11;
				GCC_DYNAMIC_NO_PIC = NO;
				GCC_NO_COMMON_BLOCKS = YES;
				GCC_OPTIMIZATION_LEVEL = 0;
				GCC_PREPROCESSOR_DEFINITIONS = (
					"DEBUG=1",
					"$(inherited)",
				);
				GCC_WARN_64_TO_32_BIT_CONVERSION = YES;
				GCC_WARN_ABOUT_RETURN_TYPE = YES_ERROR;
				GCC_WARN_UNDECLARED_SELECTOR = YES;
				GCC_WARN_UNINITIALIZED_AUTOS = YES_AGGRESSIVE;
				GCC_WARN_UNUSED_FUNCTION = YES;
				GCC_WARN_UNUSED_VARIABLE = YES;
				MACOSX_DEPLOYMENT_TARGET = 11.5;
				MTL_ENABLE_DEBUG_INFO = INCLUDE_SOURCE;
				MTL_FAST_MATH = YES;
				ONLY_ACTIVE_ARCH = YES;
				SDKROOT = macosx;
				SWIFT_ACTIVE_COMPILATION_CONDITIONS = DEBUG;
				SWIFT_OPTIMIZATION_LEVEL = "-Onone";
			};
			name = Debug;
		};
		0E99BB1226F381F40026CEB7 /* Release */ = {
			isa = XCBuildConfiguration;
			buildSettings = {
				ALWAYS_SEARCH_USER_PATHS = NO;
				CLANG_ANALYZER_NONNULL = YES;
				CLANG_ANALYZER_NUMBER_OBJECT_CONVERSION = YES_AGGRESSIVE;
				CLANG_CXX_LANGUAGE_STANDARD = "gnu++17";
				CLANG_CXX_LIBRARY = "libc++";
				CLANG_ENABLE_MODULES = YES;
				CLANG_ENABLE_OBJC_ARC = YES;
				CLANG_ENABLE_OBJC_WEAK = YES;
				CLANG_WARN_BLOCK_CAPTURE_AUTORELEASING = YES;
				CLANG_WARN_BOOL_CONVERSION = YES;
				CLANG_WARN_COMMA = YES;
				CLANG_WARN_CONSTANT_CONVERSION = YES;
				CLANG_WARN_DEPRECATED_OBJC_IMPLEMENTATIONS = YES;
				CLANG_WARN_DIRECT_OBJC_ISA_USAGE = YES_ERROR;
				CLANG_WARN_DOCUMENTATION_COMMENTS = YES;
				CLANG_WARN_EMPTY_BODY = YES;
				CLANG_WARN_ENUM_CONVERSION = YES;
				CLANG_WARN_INFINITE_RECURSION = YES;
				CLANG_WARN_INT_CONVERSION = YES;
				CLANG_WARN_NON_LITERAL_NULL_CONVERSION = YES;
				CLANG_WARN_OBJC_IMPLICIT_RETAIN_SELF = YES;
				CLANG_WARN_OBJC_LITERAL_CONVERSION = YES;
				CLANG_WARN_OBJC_ROOT_CLASS = YES_ERROR;
				CLANG_WARN_QUOTED_INCLUDE_IN_FRAMEWORK_HEADER = YES;
				CLANG_WARN_RANGE_LOOP_ANALYSIS = YES;
				CLANG_WARN_STRICT_PROTOTYPES = YES;
				CLANG_WARN_SUSPICIOUS_MOVE = YES;
				CLANG_WARN_UNGUARDED_AVAILABILITY = YES_AGGRESSIVE;
				CLANG_WARN_UNREACHABLE_CODE = YES;
				CLANG_WARN__DUPLICATE_METHOD_MATCH = YES;
				COPY_PHASE_STRIP = NO;
				DEBUG_INFORMATION_FORMAT = "dwarf-with-dsym";
				ENABLE_NS_ASSERTIONS = NO;
				ENABLE_STRICT_OBJC_MSGSEND = YES;
				GCC_C_LANGUAGE_STANDARD = gnu11;
				GCC_NO_COMMON_BLOCKS = YES;
				GCC_WARN_64_TO_32_BIT_CONVERSION = YES;
				GCC_WARN_ABOUT_RETURN_TYPE = YES_ERROR;
				GCC_WARN_UNDECLARED_SELECTOR = YES;
				GCC_WARN_UNINITIALIZED_AUTOS = YES_AGGRESSIVE;
				GCC_WARN_UNUSED_FUNCTION = YES;
				GCC_WARN_UNUSED_VARIABLE = YES;
				MACOSX_DEPLOYMENT_TARGET = 11.5;
				MTL_ENABLE_DEBUG_INFO = NO;
				MTL_FAST_MATH = YES;
				SDKROOT = macosx;
				SWIFT_COMPILATION_MODE = wholemodule;
				SWIFT_OPTIMIZATION_LEVEL = "-O";
			};
			name = Release;
		};
		0E99BB1426F381F40026CEB7 /* Debug */ = {
			isa = XCBuildConfiguration;
			buildSettings = {
				CODE_SIGN_STYLE = Automatic;
				DEVELOPMENT_TEAM = C7DL9Y9A7R;
				ENABLE_HARDENED_RUNTIME = YES;
				PRODUCT_NAME = "$(TARGET_NAME)";
				SWIFT_VERSION = 5.0;
			};
			name = Debug;
		};
		0E99BB1526F381F40026CEB7 /* Release */ = {
			isa = XCBuildConfiguration;
			buildSettings = {
				CODE_SIGN_STYLE = Automatic;
				DEVELOPMENT_TEAM = C7DL9Y9A7R;
				ENABLE_HARDENED_RUNTIME = YES;
				PRODUCT_NAME = "$(TARGET_NAME)";
				SWIFT_VERSION = 5.0;
			};
			name = Release;
		};
		0EB3173326F3D8F7001A2902 /* Debug */ = {
			isa = XCBuildConfiguration;
			buildSettings = {
				ASSETCATALOG_COMPILER_APPICON_NAME = AppIcon;
				ASSETCATALOG_COMPILER_GLOBAL_ACCENT_COLOR_NAME = AccentColor;
				CODE_SIGN_STYLE = Automatic;
				CURRENT_PROJECT_VERSION = 1;
				DEVELOPMENT_ASSET_PATHS = "\"iOS/Preview Content\"";
				DEVELOPMENT_TEAM = C7DL9Y9A7R;
				ENABLE_PREVIEWS = YES;
				GENERATE_INFOPLIST_FILE = YES;
				INFOPLIST_KEY_UIApplicationSceneManifest_Generation = YES;
				INFOPLIST_KEY_UIApplicationSupportsIndirectInputEvents = YES;
				INFOPLIST_KEY_UILaunchScreen_Generation = YES;
				INFOPLIST_KEY_UISupportedInterfaceOrientations_iPad = "UIInterfaceOrientationPortrait UIInterfaceOrientationPortraitUpsideDown UIInterfaceOrientationLandscapeLeft UIInterfaceOrientationLandscapeRight";
				INFOPLIST_KEY_UISupportedInterfaceOrientations_iPhone = "UIInterfaceOrientationPortrait UIInterfaceOrientationLandscapeLeft UIInterfaceOrientationLandscapeRight";
				IPHONEOS_DEPLOYMENT_TARGET = 15.0;
				LD_RUNPATH_SEARCH_PATHS = (
					"$(inherited)",
					"@executable_path/Frameworks",
				);
				MARKETING_VERSION = 1.0;
				PRODUCT_BUNDLE_IDENTIFIER = ca.russellgordon.iOS;
				PRODUCT_NAME = "$(TARGET_NAME)";
				SDKROOT = iphoneos;
				SWIFT_EMIT_LOC_STRINGS = YES;
				SWIFT_VERSION = 5.0;
				TARGETED_DEVICE_FAMILY = "1,2";
			};
			name = Debug;
		};
		0EB3173426F3D8F7001A2902 /* Release */ = {
			isa = XCBuildConfiguration;
			buildSettings = {
				ASSETCATALOG_COMPILER_APPICON_NAME = AppIcon;
				ASSETCATALOG_COMPILER_GLOBAL_ACCENT_COLOR_NAME = AccentColor;
				CODE_SIGN_STYLE = Automatic;
				CURRENT_PROJECT_VERSION = 1;
				DEVELOPMENT_ASSET_PATHS = "\"iOS/Preview Content\"";
				DEVELOPMENT_TEAM = C7DL9Y9A7R;
				ENABLE_PREVIEWS = YES;
				GENERATE_INFOPLIST_FILE = YES;
				INFOPLIST_KEY_UIApplicationSceneManifest_Generation = YES;
				INFOPLIST_KEY_UIApplicationSupportsIndirectInputEvents = YES;
				INFOPLIST_KEY_UILaunchScreen_Generation = YES;
				INFOPLIST_KEY_UISupportedInterfaceOrientations_iPad = "UIInterfaceOrientationPortrait UIInterfaceOrientationPortraitUpsideDown UIInterfaceOrientationLandscapeLeft UIInterfaceOrientationLandscapeRight";
				INFOPLIST_KEY_UISupportedInterfaceOrientations_iPhone = "UIInterfaceOrientationPortrait UIInterfaceOrientationLandscapeLeft UIInterfaceOrientationLandscapeRight";
				IPHONEOS_DEPLOYMENT_TARGET = 15.0;
				LD_RUNPATH_SEARCH_PATHS = (
					"$(inherited)",
					"@executable_path/Frameworks",
				);
				MARKETING_VERSION = 1.0;
				PRODUCT_BUNDLE_IDENTIFIER = ca.russellgordon.iOS;
				PRODUCT_NAME = "$(TARGET_NAME)";
				SDKROOT = iphoneos;
				SWIFT_EMIT_LOC_STRINGS = YES;
				SWIFT_VERSION = 5.0;
				TARGETED_DEVICE_FAMILY = "1,2";
				VALIDATE_PRODUCT = YES;
			};
			name = Release;
		};
/* End XCBuildConfiguration section */

/* Begin XCConfigurationList section */
		0E666E3226F7A9240098BDDA /* Build configuration list for PBXNativeTarget "watchOS WatchKit Extension" */ = {
			isa = XCConfigurationList;
			buildConfigurations = (
				0E666E3026F7A9240098BDDA /* Debug */,
				0E666E3126F7A9240098BDDA /* Release */,
			);
			defaultConfigurationIsVisible = 0;
			defaultConfigurationName = Release;
		};
		0E666E3326F7A9240098BDDA /* Build configuration list for PBXNativeTarget "watchOS WatchKit App" */ = {
			isa = XCConfigurationList;
			buildConfigurations = (
				0E666E2D26F7A9240098BDDA /* Debug */,
				0E666E2E26F7A9240098BDDA /* Release */,
			);
			defaultConfigurationIsVisible = 0;
			defaultConfigurationName = Release;
		};
		0E666E3426F7A9240098BDDA /* Build configuration list for PBXNativeTarget "watchOS" */ = {
			isa = XCConfigurationList;
			buildConfigurations = (
				0E666E2A26F7A9240098BDDA /* Debug */,
				0E666E2B26F7A9240098BDDA /* Release */,
			);
			defaultConfigurationIsVisible = 0;
			defaultConfigurationName = Release;
		};
		0E99BB0726F381F40026CEB7 /* Build configuration list for PBXProject "Magic8Ball" */ = {
			isa = XCConfigurationList;
			buildConfigurations = (
				0E99BB1126F381F40026CEB7 /* Debug */,
				0E99BB1226F381F40026CEB7 /* Release */,
			);
			defaultConfigurationIsVisible = 0;
			defaultConfigurationName = Release;
		};
		0E99BB1326F381F40026CEB7 /* Build configuration list for PBXNativeTarget "macOS" */ = {
			isa = XCConfigurationList;
			buildConfigurations = (
				0E99BB1426F381F40026CEB7 /* Debug */,
				0E99BB1526F381F40026CEB7 /* Release */,
			);
			defaultConfigurationIsVisible = 0;
			defaultConfigurationName = Release;
		};
		0EB3173526F3D8F7001A2902 /* Build configuration list for PBXNativeTarget "iOS" */ = {
			isa = XCConfigurationList;
			buildConfigurations = (
				0EB3173326F3D8F7001A2902 /* Debug */,
				0EB3173426F3D8F7001A2902 /* Release */,
			);
			defaultConfigurationIsVisible = 0;
			defaultConfigurationName = Release;
		};
/* End XCConfigurationList section */
	};
	rootObject = 0E99BB0426F381F40026CEB7 /* Project object */;
}
